
Microsoft Visual Studio Solution File, Format Version 12.00
# Visual Studio 14
VisualStudioVersion = 14.0.25123.0
MinimumVisualStudioVersion = 10.0.40219.1
Project("{8BC9CEB8-8B4A-11D0-8D11-00A0C91BC942}") = "3.7.1", "3.7.1\3.7.1.vcxproj", "{BA940CA4-524C-4749-B835-22C348A73FAC}"
EndProject
Project("{8BC9CEB8-8B4A-11D0-8D11-00A0C91BC942}") = "3.7.2", "3.7.2\3.7.2.vcxproj", "{4C9B229B-B9C7-4969-B382-54E2A2F61A02}"
EndProject
Project("{8BC9CEB8-8B4A-11D0-8D11-00A0C91BC942}") = "3.7.3", "3.7.3\3.7.3.vcxproj", "{60C7EFCE-8D97-41F2-80B5-A0F1D91323E2}"
EndProject
Project("{8BC9CEB8-8B4A-11D0-8D11-00A0C91BC942}") = "3.7.4", "3.7.4\3.7.4.vcxproj", "{99FAD74D-E453-41F7-B4A3-5EB1B6524347}"
EndProject
Project("{8BC9CEB8-8B4A-11D0-8D11-00A0C91BC942}") = "3.7.5", "3.7.5\3.7.5.vcxproj", "{68A6F5A5-408A-4DED-85C1-47E22A4FF81D}"
EndProject
Project("{8BC9CEB8-8B4A-11D0-8D11-00A0C91BC942}") = "3.7.6", "3.7.6\3.7.6.vcxproj", "{6E250140-6B86-43BB-BC7A-464611D4D8DB}"
EndProject
Project("{8BC9CEB8-8B4A-11D0-8D11-00A0C91BC942}") = "3.7.7", "3.7.7\3.7.7.vcxproj", "{C40308CE-40B6-4061-95E6-2035E67364AE}"
EndProject
Global
	GlobalSection(SolutionConfigurationPlatforms) = preSolution
		Debug|x64 = Debug|x64
		Debug|x86 = Debug|x86
		Release|x64 = Release|x64
		Release|x86 = Release|x86
	EndGlobalSection
	GlobalSection(ProjectConfigurationPlatforms) = postSolution
		{BA940CA4-524C-4749-B835-22C348A73FAC}.Debug|x64.ActiveCfg = Debug|x64
		{BA940CA4-524C-4749-B835-22C348A73FAC}.Debug|x64.Build.0 = Debug|x64
		{BA940CA4-524C-4749-B835-22C348A73FAC}.Debug|x86.ActiveCfg = Debug|Win32
		{BA940CA4-524C-4749-B835-22C348A73FAC}.Debug|x86.Build.0 = Debug|Win32
		{BA940CA4-524C-4749-B835-22C348A73FAC}.Release|x64.ActiveCfg = Release|x64
		{BA940CA4-524C-4749-B835-22C348A73FAC}.Release|x64.Build.0 = Release|x64
		{BA940CA4-524C-4749-B835-22C348A73FAC}.Release|x86.ActiveCfg = Release|Win32
		{BA940CA4-524C-4749-B835-22C348A73FAC}.Release|x86.Build.0 = Release|Win32
		{4C9B229B-B9C7-4969-B382-54E2A2F61A02}.Debug|x64.ActiveCfg = Debug|x64
		{4C9B229B-B9C7-4969-B382-54E2A2F61A02}.Debug|x64.Build.0 = Debug|x64
		{4C9B229B-B9C7-4969-B382-54E2A2F61A02}.Debug|x86.ActiveCfg = Debug|Win32
		{4C9B229B-B9C7-4969-B382-54E2A2F61A02}.Debug|x86.Build.0 = Debug|Win32
		{4C9B229B-B9C7-4969-B382-54E2A2F61A02}.Release|x64.ActiveCfg = Release|x64
		{4C9B229B-B9C7-4969-B382-54E2A2F61A02}.Release|x64.Build.0 = Release|x64
		{4C9B229B-B9C7-4969-B382-54E2A2F61A02}.Release|x86.ActiveCfg = Release|Win32
		{4C9B229B-B9C7-4969-B382-54E2A2F61A02}.Release|x86.Build.0 = Release|Win32
		{60C7EFCE-8D97-41F2-80B5-A0F1D91323E2}.Debug|x64.ActiveCfg = Debug|x64
		{60C7EFCE-8D97-41F2-80B5-A0F1D91323E2}.Debug|x64.Build.0 = Debug|x64
		{60C7EFCE-8D97-41F2-80B5-A0F1D91323E2}.Debug|x86.ActiveCfg = Debug|Win32
		{60C7EFCE-8D97-41F2-80B5-A0F1D91323E2}.Debug|x86.Build.0 = Debug|Win32
		{60C7EFCE-8D97-41F2-80B5-A0F1D91323E2}.Release|x64.ActiveCfg = Release|x64
		{60C7EFCE-8D97-41F2-80B5-A0F1D91323E2}.Release|x64.Build.0 = Release|x64
		{60C7EFCE-8D97-41F2-80B5-A0F1D91323E2}.Release|x86.ActiveCfg = Release|Win32
		{60C7EFCE-8D97-41F2-80B5-A0F1D91323E2}.Release|x86.Build.0 = Release|Win32
		{99FAD74D-E453-41F7-B4A3-5EB1B6524347}.Debug|x64.ActiveCfg = Debug|x64
		{99FAD74D-E453-41F7-B4A3-5EB1B6524347}.Debug|x64.Build.0 = Debug|x64
		{99FAD74D-E453-41F7-B4A3-5EB1B6524347}.Debug|x86.ActiveCfg = Debug|Win32
		{99FAD74D-E453-41F7-B4A3-5EB1B6524347}.Debug|x86.Build.0 = Debug|Win32
		{99FAD74D-E453-41F7-B4A3-5EB1B6524347}.Release|x64.ActiveCfg = Release|x64
		{99FAD74D-E453-41F7-B4A3-5EB1B6524347}.Release|x64.Build.0 = Release|x64
		{99FAD74D-E453-41F7-B4A3-5EB1B6524347}.Release|x86.ActiveCfg = Release|Win32
		{99FAD74D-E453-41F7-B4A3-5EB1B6524347}.Release|x86.Build.0 = Release|Win32
		{68A6F5A5-408A-4DED-85C1-47E22A4FF81D}.Debug|x64.ActiveCfg = Debug|x64
		{68A6F5A5-408A-4DED-85C1-47E22A4FF81D}.Debug|x64.Build.0 = Debug|x64
		{68A6F5A5-408A-4DED-85C1-47E22A4FF81D}.Debug|x86.ActiveCfg = Debug|Win32
		{68A6F5A5-408A-4DED-85C1-47E22A4FF81D}.Debug|x86.Build.0 = Debug|Win32
		{68A6F5A5-408A-4DED-85C1-47E22A4FF81D}.Release|x64.ActiveCfg = Release|x64
		{68A6F5A5-408A-4DED-85C1-47E22A4FF81D}.Release|x64.Build.0 = Release|x64
		{68A6F5A5-408A-4DED-85C1-47E22A4FF81D}.Release|x86.ActiveCfg = Release|Win32
		{68A6F5A5-408A-4DED-85C1-47E22A4FF81D}.Release|x86.Build.0 = Release|Win32
		{6E250140-6B86-43BB-BC7A-464611D4D8DB}.Debug|x64.ActiveCfg = Debug|x64
		{6E250140-6B86-43BB-BC7A-464611D4D8DB}.Debug|x64.Build.0 = Debug|x64
		{6E250140-6B86-43BB-BC7A-464611D4D8DB}.Debug|x86.ActiveCfg = Debug|Win32
		{6E250140-6B86-43BB-BC7A-464611D4D8DB}.Debug|x86.Build.0 = Debug|Win32
		{6E250140-6B86-43BB-BC7A-464611D4D8DB}.Release|x64.ActiveCfg = Release|x64
		{6E250140-6B86-43BB-BC7A-464611D4D8DB}.Release|x64.Build.0 = Release|x64
		{6E250140-6B86-43BB-BC7A-464611D4D8DB}.Release|x86.ActiveCfg = Release|Win32
		{6E250140-6B86-43BB-BC7A-464611D4D8DB}.Release|x86.Build.0 = Release|Win32
		{C40308CE-40B6-4061-95E6-2035E67364AE}.Debug|x64.ActiveCfg = Debug|x64
		{C40308CE-40B6-4061-95E6-2035E67364AE}.Debug|x64.Build.0 = Debug|x64
		{C40308CE-40B6-4061-95E6-2035E67364AE}.Debug|x86.ActiveCfg = Debug|Win32
		{C40308CE-40B6-4061-95E6-2035E67364AE}.Debug|x86.Build.0 = Debug|Win32
		{C40308CE-40B6-4061-95E6-2035E67364AE}.Release|x64.ActiveCfg = Release|x64
		{C40308CE-40B6-4061-95E6-2035E67364AE}.Release|x64.Build.0 = Release|x64
		{C40308CE-40B6-4061-95E6-2035E67364AE}.Release|x86.ActiveCfg = Release|Win32
		{C40308CE-40B6-4061-95E6-2035E67364AE}.Release|x86.Build.0 = Release|Win32
	EndGlobalSection
	GlobalSection(SolutionProperties) = preSolution
		HideSolutionNode = FALSE
	EndGlobalSection
EndGlobal
