
Microsoft Visual Studio Solution File, Format Version 12.00
# Visual Studio 14
VisualStudioVersion = 14.0.23107.0
MinimumVisualStudioVersion = 10.0.40219.1
Project("{8BC9CEB8-8B4A-11D0-8D11-00A0C91BC942}") = "2.7.1", "2.7.1\2.7.1.vcxproj", "{F1784BCC-78AA-42E2-922C-C62C4BB7AEF9}"
EndProject
Project("{8BC9CEB8-8B4A-11D0-8D11-00A0C91BC942}") = "2.7.2", "2.7.2\2.7.2.vcxproj", "{DAA6E24F-B39C-4494-9A3A-4B9FAFC61003}"
EndProject
Project("{8BC9CEB8-8B4A-11D0-8D11-00A0C91BC942}") = "2.7.3", "2.7.3\2.7.3.vcxproj", "{05F98A40-FBB3-4B75-A809-EB0F4C45BDAF}"
EndProject
Project("{8BC9CEB8-8B4A-11D0-8D11-00A0C91BC942}") = "2.7.4", "2.7.4\2.7.4.vcxproj", "{A3BD6C75-EB56-4303-A6C1-84E8E670C16E}"
EndProject
Project("{8BC9CEB8-8B4A-11D0-8D11-00A0C91BC942}") = "2.7.5", "2.7.5\2.7.5.vcxproj", "{E91C29E2-BB6D-4771-AA9F-B3F81AAE5A1E}"
EndProject
Project("{8BC9CEB8-8B4A-11D0-8D11-00A0C91BC942}") = "2.7.6", "2.7.6\2.7.6.vcxproj", "{6FB934F7-9346-4534-AE76-367511AFF95A}"
EndProject
Project("{8BC9CEB8-8B4A-11D0-8D11-00A0C91BC942}") = "2.7.7", "2.7.7\2.7.7.vcxproj", "{EBDC4EA4-25CA-4891-BE48-674B0BB9BFCD}"
EndProject
Global
	GlobalSection(SolutionConfigurationPlatforms) = preSolution
		Debug|x64 = Debug|x64
		Debug|x86 = Debug|x86
		Release|x64 = Release|x64
		Release|x86 = Release|x86
	EndGlobalSection
	GlobalSection(ProjectConfigurationPlatforms) = postSolution
		{F1784BCC-78AA-42E2-922C-C62C4BB7AEF9}.Debug|x64.ActiveCfg = Debug|x64
		{F1784BCC-78AA-42E2-922C-C62C4BB7AEF9}.Debug|x64.Build.0 = Debug|x64
		{F1784BCC-78AA-42E2-922C-C62C4BB7AEF9}.Debug|x86.ActiveCfg = Debug|Win32
		{F1784BCC-78AA-42E2-922C-C62C4BB7AEF9}.Debug|x86.Build.0 = Debug|Win32
		{F1784BCC-78AA-42E2-922C-C62C4BB7AEF9}.Release|x64.ActiveCfg = Release|x64
		{F1784BCC-78AA-42E2-922C-C62C4BB7AEF9}.Release|x64.Build.0 = Release|x64
		{F1784BCC-78AA-42E2-922C-C62C4BB7AEF9}.Release|x86.ActiveCfg = Release|Win32
		{F1784BCC-78AA-42E2-922C-C62C4BB7AEF9}.Release|x86.Build.0 = Release|Win32
		{DAA6E24F-B39C-4494-9A3A-4B9FAFC61003}.Debug|x64.ActiveCfg = Debug|x64
		{DAA6E24F-B39C-4494-9A3A-4B9FAFC61003}.Debug|x64.Build.0 = Debug|x64
		{DAA6E24F-B39C-4494-9A3A-4B9FAFC61003}.Debug|x86.ActiveCfg = Debug|Win32
		{DAA6E24F-B39C-4494-9A3A-4B9FAFC61003}.Debug|x86.Build.0 = Debug|Win32
		{DAA6E24F-B39C-4494-9A3A-4B9FAFC61003}.Release|x64.ActiveCfg = Release|x64
		{DAA6E24F-B39C-4494-9A3A-4B9FAFC61003}.Release|x64.Build.0 = Release|x64
		{DAA6E24F-B39C-4494-9A3A-4B9FAFC61003}.Release|x86.ActiveCfg = Release|Win32
		{DAA6E24F-B39C-4494-9A3A-4B9FAFC61003}.Release|x86.Build.0 = Release|Win32
		{05F98A40-FBB3-4B75-A809-EB0F4C45BDAF}.Debug|x64.ActiveCfg = Debug|x64
		{05F98A40-FBB3-4B75-A809-EB0F4C45BDAF}.Debug|x64.Build.0 = Debug|x64
		{05F98A40-FBB3-4B75-A809-EB0F4C45BDAF}.Debug|x86.ActiveCfg = Debug|Win32
		{05F98A40-FBB3-4B75-A809-EB0F4C45BDAF}.Debug|x86.Build.0 = Debug|Win32
		{05F98A40-FBB3-4B75-A809-EB0F4C45BDAF}.Release|x64.ActiveCfg = Release|x64
		{05F98A40-FBB3-4B75-A809-EB0F4C45BDAF}.Release|x64.Build.0 = Release|x64
		{05F98A40-FBB3-4B75-A809-EB0F4C45BDAF}.Release|x86.ActiveCfg = Release|Win32
		{05F98A40-FBB3-4B75-A809-EB0F4C45BDAF}.Release|x86.Build.0 = Release|Win32
		{A3BD6C75-EB56-4303-A6C1-84E8E670C16E}.Debug|x64.ActiveCfg = Debug|x64
		{A3BD6C75-EB56-4303-A6C1-84E8E670C16E}.Debug|x64.Build.0 = Debug|x64
		{A3BD6C75-EB56-4303-A6C1-84E8E670C16E}.Debug|x86.ActiveCfg = Debug|Win32
		{A3BD6C75-EB56-4303-A6C1-84E8E670C16E}.Debug|x86.Build.0 = Debug|Win32
		{A3BD6C75-EB56-4303-A6C1-84E8E670C16E}.Release|x64.ActiveCfg = Release|x64
		{A3BD6C75-EB56-4303-A6C1-84E8E670C16E}.Release|x64.Build.0 = Release|x64
		{A3BD6C75-EB56-4303-A6C1-84E8E670C16E}.Release|x86.ActiveCfg = Release|Win32
		{A3BD6C75-EB56-4303-A6C1-84E8E670C16E}.Release|x86.Build.0 = Release|Win32
		{E91C29E2-BB6D-4771-AA9F-B3F81AAE5A1E}.Debug|x64.ActiveCfg = Debug|x64
		{E91C29E2-BB6D-4771-AA9F-B3F81AAE5A1E}.Debug|x64.Build.0 = Debug|x64
		{E91C29E2-BB6D-4771-AA9F-B3F81AAE5A1E}.Debug|x86.ActiveCfg = Debug|Win32
		{E91C29E2-BB6D-4771-AA9F-B3F81AAE5A1E}.Debug|x86.Build.0 = Debug|Win32
		{E91C29E2-BB6D-4771-AA9F-B3F81AAE5A1E}.Release|x64.ActiveCfg = Release|x64
		{E91C29E2-BB6D-4771-AA9F-B3F81AAE5A1E}.Release|x64.Build.0 = Release|x64
		{E91C29E2-BB6D-4771-AA9F-B3F81AAE5A1E}.Release|x86.ActiveCfg = Release|Win32
		{E91C29E2-BB6D-4771-AA9F-B3F81AAE5A1E}.Release|x86.Build.0 = Release|Win32
		{6FB934F7-9346-4534-AE76-367511AFF95A}.Debug|x64.ActiveCfg = Debug|x64
		{6FB934F7-9346-4534-AE76-367511AFF95A}.Debug|x64.Build.0 = Debug|x64
		{6FB934F7-9346-4534-AE76-367511AFF95A}.Debug|x86.ActiveCfg = Debug|Win32
		{6FB934F7-9346-4534-AE76-367511AFF95A}.Debug|x86.Build.0 = Debug|Win32
		{6FB934F7-9346-4534-AE76-367511AFF95A}.Release|x64.ActiveCfg = Release|x64
		{6FB934F7-9346-4534-AE76-367511AFF95A}.Release|x64.Build.0 = Release|x64
		{6FB934F7-9346-4534-AE76-367511AFF95A}.Release|x86.ActiveCfg = Release|Win32
		{6FB934F7-9346-4534-AE76-367511AFF95A}.Release|x86.Build.0 = Release|Win32
		{EBDC4EA4-25CA-4891-BE48-674B0BB9BFCD}.Debug|x64.ActiveCfg = Debug|x64
		{EBDC4EA4-25CA-4891-BE48-674B0BB9BFCD}.Debug|x64.Build.0 = Debug|x64
		{EBDC4EA4-25CA-4891-BE48-674B0BB9BFCD}.Debug|x86.ActiveCfg = Debug|Win32
		{EBDC4EA4-25CA-4891-BE48-674B0BB9BFCD}.Debug|x86.Build.0 = Debug|Win32
		{EBDC4EA4-25CA-4891-BE48-674B0BB9BFCD}.Release|x64.ActiveCfg = Release|x64
		{EBDC4EA4-25CA-4891-BE48-674B0BB9BFCD}.Release|x64.Build.0 = Release|x64
		{EBDC4EA4-25CA-4891-BE48-674B0BB9BFCD}.Release|x86.ActiveCfg = Release|Win32
		{EBDC4EA4-25CA-4891-BE48-674B0BB9BFCD}.Release|x86.Build.0 = Release|Win32
	EndGlobalSection
	GlobalSection(SolutionProperties) = preSolution
		HideSolutionNode = FALSE
	EndGlobalSection
EndGlobal
